<Solution>
  <Folder Name="/apps/">
    <Project Path="SignCamera.DesktopTest/SignCamera.DesktopTest.csproj" />
    <Project Path="SignCamera.HeadlessTest/SignCamera.HeadlessTest.csproj" />
    <Project Path="SignCamera.InferenceTest/SignCamera.InferenceTest.csproj" />
    <Project Path="SignCamera.Pi/SignCamera.Pi.csproj" Id="e386b5f1-6914-4212-859b-52c347566822" />
  </Folder>
  <Folder Name="/libs/">
    <Project Path="../../Libraries/Neomotive.Camera.USB/Neomotive.Camera.USB.csproj" />
    <Project Path="../../Libraries/Neomotive.Camera.VideoFile/Neomotive.Camera.VideoFile.csproj" Id="59577ff9-13cd-4755-9748-ac977d97cb1b" />
    <Project Path="../../Libraries/Neomotive.Camera/Neomotive.Camera.csproj" />
    <Project Path="../../Libraries/Neomotive.Contracts/Neomotive.Contracts.csproj" />
    <Project Path="../../Libraries/Neomotive.SpeedLimit/Neomotive.SpeedLimit.csproj" Id="7a6def9e-5e69-4ab1-94a2-6a2dc04cadb1" />
  </Folder>
</Solution>
